{
  "version": "3",
  "packages": {
    "specifiers": {
      "npm:node-mdaemon-api": "npm:node-mdaemon-api@24.0.2-alpha.34"
    },
    "npm": {
      "node-mdaemon-api@24.0.2-alpha.34": {
        "integrity": "sha512-M9VrX+dsc7hg/qUne3B0Qvv9yfizTXS+Sz//n4u7IaLE1312ZTRBe5eByASbf7bRNip2JuGEigyjjZjzpm5jkw==",
        "dependencies": {}
      }
    }
  },
  "remote": {},
  "workspace": {
    "dependencies": [
      "jsr:@std/assert@1"
    ],
    "packageJson": {
      "dependencies": [
        "npm:node-mdaemon-api@^24.0.2-alpha.34"
      ]
    }
  }
}
