{
  "version": "3",
  "packages": {
    "specifiers": {
      "npm:node-mdaemon-api": "npm:node-mdaemon-api@24.0.1-alpha.33"
    },
    "npm": {
      "node-mdaemon-api@24.0.1-alpha.33": {
        "integrity": "sha512-bFPjTIdgIhS1dDR6OvbHbFMS1vmibUaICOu56r4TT0wnMUG1mAV5bK8Qv3dOKPi/xCZ4Q5ysL1sg6PAX6SAxqQ==",
        "dependencies": {}
      }
    }
  },
  "remote": {},
  "workspace": {
    "packageJson": {
      "dependencies": [
        "npm:node-mdaemon-api@^24.0.1-alpha.33"
      ]
    }
  }
}
