{
  "version": "3",
  "packages": {
    "specifiers": {
      "npm:node-mdaemon-api": "npm:node-mdaemon-api@23.5.3-alpha.30"
    },
    "npm": {
      "node-mdaemon-api@23.5.3-alpha.30": {
        "integrity": "sha512-/CFFSyDqXNGQA19WfvgDcpEHTQuqIclZXKmMBfyChchEqOPx5C3z55gZQRDg2Ze0TlR6DiJ2f8L9gxNHcbrltA==",
        "dependencies": {}
      }
    }
  },
  "remote": {},
  "workspace": {
    "packageJson": {
      "dependencies": [
        "npm:node-mdaemon-api@^23.5.3-alpha.30"
      ]
    }
  }
}
