{
    "name": "deno-issue-17246",
    "version": "1.0.0",
    "lockfileVersion": 3,
    "requires": true,
    "packages": {
        "": {
            "name": "deno-issue-17246",
            "version": "1.0.0",
            "cpu": [
                "x64",
                "!ia32",
                "!arm",
                "!mips"
            ],
            "license": "ISC",
            "os": [
                "win32",
                "!linux",
                "!darwin"
            ],
            "dependencies": {
                "node-mdaemon-api": "^23.0.0-alpha.21"
            },
            "engines": {
                "node": ">=16 <19"
            }
        },
        "node_modules/node-mdaemon-api": {
            "version": "23.0.0-alpha.21",
            "resolved": "https://registry.npmjs.org/node-mdaemon-api/-/node-mdaemon-api-23.0.0-alpha.21.tgz",
            "integrity": "sha512-LItjMKLljX3sovxPgMvBaNZkMYmvzTGVjdSesLQofjqtn9i8Ei0U+WbFTThmRJ/+9BMkJnlotVgdaUTWhe57qw==",
            "cpu": [
                "x64"
            ],
            "os": [
                "win32"
            ],
            "engines": {
                "node": ">=14.0.0 <19"
            }
        }
    }
}
