# THIS IS AN AUTOGENERATED FILE. DO NOT EDIT THIS FILE DIRECTLY.
# yarn lockfile v1


node-mdaemon-api@^24.0.2-alpha.34:
  version "24.0.2-alpha.34"
  resolved "https://registry.yarnpkg.com/node-mdaemon-api/-/node-mdaemon-api-24.0.2-alpha.34.tgz#13f010bc75806524f91f44dfeab30435412e4d57"
  integrity sha512-M9VrX+dsc7hg/qUne3B0Qvv9yfizTXS+Sz//n4u7IaLE1312ZTRBe5eByASbf7bRNip2JuGEigyjjZjzpm5jkw==
