# THIS IS AN AUTOGENERATED FILE. DO NOT EDIT THIS FILE DIRECTLY.
# yarn lockfile v1


node-mdaemon-api@^24.0.1-alpha.33:
  version "24.0.1-alpha.33"
  resolved "https://registry.yarnpkg.com/node-mdaemon-api/-/node-mdaemon-api-24.0.1-alpha.33.tgz#e0e14ed2079d3b3ef92e0241e97ea00ff2d09c4a"
  integrity sha512-bFPjTIdgIhS1dDR6OvbHbFMS1vmibUaICOu56r4TT0wnMUG1mAV5bK8Qv3dOKPi/xCZ4Q5ysL1sg6PAX6SAxqQ==
